// !$*UTF8*$!
{
	archiveVersion = 1;
	classes = {
	};
	objectVersion = 46;
	objects = {

/* Begin PBXBuildFile section */
		F34C35B11D8C38EE008C2203 /* main.cpp in Sources */ = {isa = PBXBuildFile; fileRef = F34C35B01D8C38EE008C2203 /* main.cpp */; };
		F34C35B91D8C3A50008C2203 /* stlVector.cpp in Sources */ = {isa = PBXBuildFile; fileRef = F34C35B71D8C3A50008C2203 /* stlVector.cpp */; };
		F34C35BC1D8C3C33008C2203 /* stlSamples in Sources */ = {isa = PBXBuildFile; fileRef = F34C35AD1D8C38EE008C2203 /* stlSamples */; };
/* End PBXBuildFile section */

/* Begin PBXCopyFilesBuildPhase section */
		F34C35AB1D8C38EE008C2203 /* CopyFiles */ = {
			isa = PBXCopyFilesBuildPhase;
			buildActionMask = 2147483647;
			dstPath = /usr/share/man/man1/;
			dstSubfolderSpec = 0;
			files = (
			);
			runOnlyForDeploymentPostprocessing = 1;
		};
/* End PBXCopyFilesBuildPhase section */

/* Begin PBXFileReference section */
		F34C35AD1D8C38EE008C2203 /* stlSamples */ = {isa = PBXFileReference; explicitFileType = "compiled.mach-o.executable"; includeInIndex = 0; path = stlSamples; sourceTree = BUILT_PRODUCTS_DIR; };
		F34C35B01D8C38EE008C2203 /* main.cpp */ = {isa = PBXFileReference; lastKnownFileType = sourcecode.cpp.cpp; path = main.cpp; sourceTree = "<group>"; };
		F34C35B71D8C3A50008C2203 /* stlVector.cpp */ = {isa = PBXFileReference; fileEncoding = 4; lastKnownFileType = sourcecode.cpp.cpp; path = stlVector.cpp; sourceTree = "<group>"; };
/* End PBXFileReference section */

/* Begin PBXFrameworksBuildPhase section */
		F34C35AA1D8C38EE008C2203 /* Frameworks */ = {
			isa = PBXFrameworksBuildPhase;
			buildActionMask = 2147483647;
			files = (
			);
			runOnlyForDeploymentPostprocessing = 0;
		};
/* End PBXFrameworksBuildPhase section */

/* Begin PBXGroup section */
		F34C35A41D8C38EE008C2203 = {
			isa = PBXGroup;
			children = (
				F34C35AF1D8C38EE008C2203 /* stlSamples */,
				F34C35AE1D8C38EE008C2203 /* Products */,
			);
			sourceTree = "<group>";
		};
		F34C35AE1D8C38EE008C2203 /* Products */ = {
			isa = PBXGroup;
			children = (
				F34C35AD1D8C38EE008C2203 /* stlSamples */,
			);
			name = Products;
			sourceTree = "<group>";
		};
		F34C35AF1D8C38EE008C2203 /* stlSamples */ = {
			isa = PBXGroup;
			children = (
				F34C35BB1D8C3A93008C2203 /* source */,
			);
			path = stlSamples;
			sourceTree = "<group>";
		};
		F34C35BB1D8C3A93008C2203 /* source */ = {
			isa = PBXGroup;
			children = (
				F34C35B01D8C38EE008C2203 /* main.cpp */,
				F34C35B71D8C3A50008C2203 /* stlVector.cpp */,
			);
			name = source;
			sourceTree = "<group>";
		};
/* End PBXGroup section */

/* Begin PBXNativeTarget section */
		F34C35AC1D8C38EE008C2203 /* stlSamples */ = {
			isa = PBXNativeTarget;
			buildConfigurationList = F34C35B41D8C38EE008C2203 /* Build configuration list for PBXNativeTarget "stlSamples" */;
			buildPhases = (
				F34C35A91D8C38EE008C2203 /* Sources */,
				F34C35AA1D8C38EE008C2203 /* Frameworks */,
				F34C35AB1D8C38EE008C2203 /* CopyFiles */,
			);
			buildRules = (
			);
			dependencies = (
			);
			name = stlSamples;
			productName = stlSamples;
			productReference = F34C35AD1D8C38EE008C2203 /* stlSamples */;
			productType = "com.apple.product-type.tool";
		};
/* End PBXNativeTarget section */

/* Begin PBXProject section */
		F34C35A51D8C38EE008C2203 /* Project object */ = {
			isa = PBXProject;
			attributes = {
				LastUpgradeCheck = 0730;
				ORGANIZATIONNAME = "Milind Wanjari";
				TargetAttributes = {
					F34C35AC1D8C38EE008C2203 = {
						CreatedOnToolsVersion = 7.3.1;
					};
				};
			};
			buildConfigurationList = F34C35A81D8C38EE008C2203 /* Build configuration list for PBXProject "stlSamples" */;
			compatibilityVersion = "Xcode 3.2";
			developmentRegion = English;
			hasScannedForEncodings = 0;
			knownRegions = (
				en,
			);
			mainGroup = F34C35A41D8C38EE008C2203;
			productRefGroup = F34C35AE1D8C38EE008C2203 /* Products */;
			projectDirPath = "";
			projectRoot = "";
			targets = (
				F34C35AC1D8C38EE008C2203 /* stlSamples */,
			);
		};
/* End PBXProject section */

/* Begin PBXSourcesBuildPhase section */
		F34C35A91D8C38EE008C2203 /* Sources */ = {
			isa = PBXSourcesBuildPhase;
			buildActionMask = 2147483647;
			files = (
				F34C35BC1D8C3C33008C2203 /* stlSamples in Sources */,
				F34C35B91D8C3A50008C2203 /* stlVector.cpp in Sources */,
				F34C35B11D8C38EE008C2203 /* main.cpp in Sources */,
			);
			runOnlyForDeploymentPostprocessing = 0;
		};
/* End PBXSourcesBuildPhase section */

/* Begin XCBuildConfiguration section */
		F34C35B21D8C38EE008C2203 /* Debug */ = {
			isa = XCBuildConfiguration;
			buildSettings = {
				ALWAYS_SEARCH_USER_PATHS = NO;
				CLANG_ANALYZER_NONNULL = YES;
				CLANG_CXX_LANGUAGE_STANDARD = "gnu++0x";
				CLANG_CXX_LIBRARY = "libc++";
				CLANG_ENABLE_MODULES = YES;
				CLANG_ENABLE_OBJC_ARC = YES;
				CLANG_WARN_BOOL_CONVERSION = YES;
				CLANG_WARN_CONSTANT_CONVERSION = YES;
				CLANG_WARN_DIRECT_OBJC_ISA_USAGE = YES_ERROR;
				CLANG_WARN_EMPTY_BODY = YES;
				CLANG_WARN_ENUM_CONVERSION = YES;
				CLANG_WARN_INT_CONVERSION = YES;
				CLANG_WARN_OBJC_ROOT_CLASS = YES_ERROR;
				CLANG_WARN_UNREACHABLE_CODE = YES;
				CLANG_WARN__DUPLICATE_METHOD_MATCH = YES;
				CODE_SIGN_IDENTITY = "-";
				COPY_PHASE_STRIP = NO;
				DEBUG_INFORMATION_FORMAT = dwarf;
				ENABLE_STRICT_OBJC_MSGSEND = YES;
				ENABLE_TESTABILITY = YES;
				GCC_C_LANGUAGE_STANDARD = gnu99;
				GCC_DYNAMIC_NO_PIC = NO;
				GCC_NO_COMMON_BLOCKS = YES;
				GCC_OPTIMIZATION_LEVEL = 0;
				GCC_PREPROCESSOR_DEFINITIONS = (
					"DEBUG=1",
					"$(inherited)",
				);
				GCC_WARN_64_TO_32_BIT_CONVERSION = YES;
				GCC_WARN_ABOUT_RETURN_TYPE = YES_ERROR;
				GCC_WARN_UNDECLARED_SELECTOR = YES;
				GCC_WARN_UNINITIALIZED_AUTOS = YES_AGGRESSIVE;
				GCC_WARN_UNUSED_FUNCTION = YES;
				GCC_WARN_UNUSED_VARIABLE = YES;
				MACOSX_DEPLOYMENT_TARGET = 10.11;
				MTL_ENABLE_DEBUG_INFO = YES;
				ONLY_ACTIVE_ARCH = YES;
				SDKROOT = macosx;
			};
			name = Debug;
		};
		F34C35B31D8C38EE008C2203 /* Release */ = {
			isa = XCBuildConfiguration;
			buildSettings = {
				ALWAYS_SEARCH_USER_PATHS = NO;
				CLANG_ANALYZER_NONNULL = YES;
				CLANG_CXX_LANGUAGE_STANDARD = "gnu++0x";
				CLANG_CXX_LIBRARY = "libc++";
				CLANG_ENABLE_MODULES = YES;
				CLANG_ENABLE_OBJC_ARC = YES;
				CLANG_WARN_BOOL_CONVERSION = YES;
				CLANG_WARN_CONSTANT_CONVERSION = YES;
				CLANG_WARN_DIRECT_OBJC_ISA_USAGE = YES_ERROR;
				CLANG_WARN_EMPTY_BODY = YES;
				CLANG_WARN_ENUM_CONVERSION = YES;
				CLANG_WARN_INT_CONVERSION = YES;
				CLANG_WARN_OBJC_ROOT_CLASS = YES_ERROR;
				CLANG_WARN_UNREACHABLE_CODE = YES;
				CLANG_WARN__DUPLICATE_METHOD_MATCH = YES;
				CODE_SIGN_IDENTITY = "-";
				COPY_PHASE_STRIP = NO;
				DEBUG_INFORMATION_FORMAT = "dwarf-with-dsym";
				ENABLE_NS_ASSERTIONS = NO;
				ENABLE_STRICT_OBJC_MSGSEND = YES;
				GCC_C_LANGUAGE_STANDARD = gnu99;
				GCC_NO_COMMON_BLOCKS = YES;
				GCC_WARN_64_TO_32_BIT_CONVERSION = YES;
				GCC_WARN_ABOUT_RETURN_TYPE = YES_ERROR;
				GCC_WARN_UNDECLARED_SELECTOR = YES;
				GCC_WARN_UNINITIALIZED_AUTOS = YES_AGGRESSIVE;
				GCC_WARN_UNUSED_FUNCTION = YES;
				GCC_WARN_UNUSED_VARIABLE = YES;
				MACOSX_DEPLOYMENT_TARGET = 10.11;
				MTL_ENABLE_DEBUG_INFO = NO;
				SDKROOT = macosx;
			};
			name = Release;
		};
		F34C35B51D8C38EE008C2203 /* Debug */ = {
			isa = XCBuildConfiguration;
			buildSettings = {
				PRODUCT_NAME = "$(TARGET_NAME)";
			};
			name = Debug;
		};
		F34C35B61D8C38EE008C2203 /* Release */ = {
			isa = XCBuildConfiguration;
			buildSettings = {
				PRODUCT_NAME = "$(TARGET_NAME)";
			};
			name = Release;
		};
/* End XCBuildConfiguration section */

/* Begin XCConfigurationList section */
		F34C35A81D8C38EE008C2203 /* Build configuration list for PBXProject "stlSamples" */ = {
			isa = XCConfigurationList;
			buildConfigurations = (
				F34C35B21D8C38EE008C2203 /* Debug */,
				F34C35B31D8C38EE008C2203 /* Release */,
			);
			defaultConfigurationIsVisible = 0;
			defaultConfigurationName = Release;
		};
		F34C35B41D8C38EE008C2203 /* Build configuration list for PBXNativeTarget "stlSamples" */ = {
			isa = XCConfigurationList;
			buildConfigurations = (
				F34C35B51D8C38EE008C2203 /* Debug */,
				F34C35B61D8C38EE008C2203 /* Release */,
			);
			defaultConfigurationIsVisible = 0;
		};
/* End XCConfigurationList section */
	};
	rootObject = F34C35A51D8C38EE008C2203 /* Project object */;
}
